
Microsoft Visual Studio Solution File, Format Version 12.00
# Visual Studio 14
VisualStudioVersion = 14.0.25420.1
MinimumVisualStudioVersion = 10.0.40219.1
Project("{FAE04EC0-301F-11D3-BF4B-00C04F79EFBC}") = "VSLink", "VSLink.csproj", "{A96C6F84-A591-4AA4-92AD-F1FA4955C835}"
EndProject
Project("{FAE04EC0-301F-11D3-BF4B-00C04F79EFBC}") = "VSTest", "VSTest\VSTest.csproj", "{6DDB44A6-0F65-44E6-A75E-5A9485B5E6EF}"
EndProject
Global
	GlobalSection(SolutionConfigurationPlatforms) = preSolution
		Debug|Any CPU = Debug|Any CPU
		Release|Any CPU = Release|Any CPU
	EndGlobalSection
	GlobalSection(ProjectConfigurationPlatforms) = postSolution
		{A96C6F84-A591-4AA4-92AD-F1FA4955C835}.Debug|Any CPU.ActiveCfg = Debug|Any CPU
		{A96C6F84-A591-4AA4-92AD-F1FA4955C835}.Debug|Any CPU.Build.0 = Debug|Any CPU
		{A96C6F84-A591-4AA4-92AD-F1FA4955C835}.Release|Any CPU.ActiveCfg = Release|Any CPU
		{A96C6F84-A591-4AA4-92AD-F1FA4955C835}.Release|Any CPU.Build.0 = Release|Any CPU
		{6DDB44A6-0F65-44E6-A75E-5A9485B5E6EF}.Debug|Any CPU.ActiveCfg = Debug|Any CPU
		{6DDB44A6-0F65-44E6-A75E-5A9485B5E6EF}.Debug|Any CPU.Build.0 = Debug|Any CPU
		{6DDB44A6-0F65-44E6-A75E-5A9485B5E6EF}.Release|Any CPU.ActiveCfg = Release|Any CPU
		{6DDB44A6-0F65-44E6-A75E-5A9485B5E6EF}.Release|Any CPU.Build.0 = Release|Any CPU
	EndGlobalSection
	GlobalSection(SolutionProperties) = preSolution
		HideSolutionNode = FALSE
	EndGlobalSection
EndGlobal
